<?xml version="1.0" encoding="utf-8"?>
<Project ToolsVersion="4.0" xmlns="http://schemas.microsoft.com/developer/msbuild/2003">
  <ItemGroup>
    <Filter Include="Source Files">
      <UniqueIdentifier>{4FC737F1-C7A5-4376-A066-2A32D752A2FF}</UniqueIdentifier>
      <Extensions>cpp;c;cc;cxx;def;odl;idl;hpj;bat;asm;asmx</Extensions>
    </Filter>
    <Filter Include="Header Files">
      <UniqueIdentifier>{93995380-89BD-4b04-88EB-625FBE52EBFB}</UniqueIdentifier>
      <Extensions>h;hh;hpp;hxx;hm;inl;inc;xsd</Extensions>
    </Filter>
  </ItemGroup>
  <ItemGroup>
    <ClCompile Include="Main.cpp">
      <Filter>Source Files</Filter>
    </ClCompile>
    <ClCompile Include="Client.cpp">
      <Filter>Source Files</Filter>
    </ClCompile>
    <ClCompile Include="ViewAble.cpp">
      <Filter>Source Files</Filter>
    </ClCompile>
    <ClCompile Include="Series.cpp">
      <Filter>Source Files</Filter>
    </ClCompile>
    <ClCompile Include="SmartPtr.cpp">
      <Filter>Source Files</Filter>
    </ClCompile>
    <ClCompile Include="RefCount.cpp">
      <Filter>Source Files</Filter>
    </ClCompile>
    <ClCompile Include="RefCountIMP.cpp">
      <Filter>Source Files</Filter>
    </ClCompile>
    <ClCompile Include="Movies.cpp">
      <Filter>Source Files</Filter>
    </ClCompile>
    <ClCompile Include="PlayerService.cpp">
      <Filter>Source Files</Filter>
    </ClCompile>
    <ClCompile Include="ClientService.cpp">
      <Filter>Source Files</Filter>
    </ClCompile>
    <ClCompile Include="SimulationService.cpp">
      <Filter>Source Files</Filter>
    </ClCompile>
  </ItemGroup>
  <ItemGroup>
    <ClInclude Include="Client.h">
      <Filter>Header Files</Filter>
    </ClInclude>
    <ClInclude Include="ViewAble.h">
      <Filter>Header Files</Filter>
    </ClInclude>
    <ClInclude Include="Series.h">
      <Filter>Header Files</Filter>
    </ClInclude>
    <ClInclude Include="SmartPtr.h">
      <Filter>Header Files</Filter>
    </ClInclude>
    <ClInclude Include="RefCount.h">
      <Filter>Header Files</Filter>
    </ClInclude>
    <ClInclude Include="RefCountIMP.h">
      <Filter>Header Files</Filter>
    </ClInclude>
    <ClInclude Include="Movies.h">
      <Filter>Header Files</Filter>
    </ClInclude>
    <ClInclude Include="PlayerService.h">
      <Filter>Header Files</Filter>
    </ClInclude>
    <ClInclude Include="ClientService.h">
      <Filter>Header Files</Filter>
    </ClInclude>
    <ClInclude Include="SimulationService.h">
      <Filter>Header Files</Filter>
    </ClInclude>
    <ClInclude Include="resource.h">
      <Filter>Header Files</Filter>
    </ClInclude>
  </ItemGroup>
</Project>